
Microsoft Visual Studio Solution File, Format Version 12.00
# Visual Studio Version 16
VisualStudioVersion = 16.0.30523.141
MinimumVisualStudioVersion = 10.0.40219.1
Project("{9A19103F-16F7-4668-BE54-9A1E7A4F7556}") = "AdvanceToDoList", "WpfApp1\AdvanceToDoList.csproj", "{DFDDD408-49AB-4637-B746-22582CCCD0C7}"
EndProject
Global
	GlobalSection(SolutionConfigurationPlatforms) = preSolution
		Debug|Any CPU = Debug|Any CPU
		Release|Any CPU = Release|Any CPU
	EndGlobalSection
	GlobalSection(ProjectConfigurationPlatforms) = postSolution
		{DFDDD408-49AB-4637-B746-22582CCCD0C7}.Debug|Any CPU.ActiveCfg = Debug|Any CPU
		{DFDDD408-49AB-4637-B746-22582CCCD0C7}.Debug|Any CPU.Build.0 = Debug|Any CPU
		{DFDDD408-49AB-4637-B746-22582CCCD0C7}.Release|Any CPU.ActiveCfg = Release|Any CPU
		{DFDDD408-49AB-4637-B746-22582CCCD0C7}.Release|Any CPU.Build.0 = Release|Any CPU
	EndGlobalSection
	GlobalSection(SolutionProperties) = preSolution
		HideSolutionNode = FALSE
	EndGlobalSection
	GlobalSection(ExtensibilityGlobals) = postSolution
		SolutionGuid = {EA2C6B74-A4BB-49D0-A47A-AF272D4D2772}
	EndGlobalSection
EndGlobal
